
Microsoft Visual Studio Solution File, Format Version 12.00
# Visual Studio 2013
VisualStudioVersion = 12.0.40629.0
MinimumVisualStudioVersion = 10.0.40219.1
Project("{FAE04EC0-301F-11D3-BF4B-00C04F79EFBC}") = "Utility_funcs", "Utility_funcs.csproj", "{C4BE7C63-7885-4B53-9395-068588F762DC}"
EndProject
Global
	GlobalSection(SolutionConfigurationPlatforms) = preSolution
		Debug|Any CPU = Debug|Any CPU
		External Debug|Any CPU = External Debug|Any CPU
		External|Any CPU = External|Any CPU
		ExternalDebug|Any CPU = ExternalDebug|Any CPU
		Release|Any CPU = Release|Any CPU
	EndGlobalSection
	GlobalSection(ProjectConfigurationPlatforms) = postSolution
		{C4BE7C63-7885-4B53-9395-068588F762DC}.Debug|Any CPU.ActiveCfg = Debug|Any CPU
		{C4BE7C63-7885-4B53-9395-068588F762DC}.Debug|Any CPU.Build.0 = Debug|Any CPU
		{C4BE7C63-7885-4B53-9395-068588F762DC}.External Debug|Any CPU.ActiveCfg = External Debug|Any CPU
		{C4BE7C63-7885-4B53-9395-068588F762DC}.External Debug|Any CPU.Build.0 = External Debug|Any CPU
		{C4BE7C63-7885-4B53-9395-068588F762DC}.External|Any CPU.ActiveCfg = External|Any CPU
		{C4BE7C63-7885-4B53-9395-068588F762DC}.External|Any CPU.Build.0 = External|Any CPU
		{C4BE7C63-7885-4B53-9395-068588F762DC}.ExternalDebug|Any CPU.ActiveCfg = ExternalDebug|Any CPU
		{C4BE7C63-7885-4B53-9395-068588F762DC}.ExternalDebug|Any CPU.Build.0 = ExternalDebug|Any CPU
		{C4BE7C63-7885-4B53-9395-068588F762DC}.Release|Any CPU.ActiveCfg = Release|Any CPU
		{C4BE7C63-7885-4B53-9395-068588F762DC}.Release|Any CPU.Build.0 = Release|Any CPU
	EndGlobalSection
	GlobalSection(SolutionProperties) = preSolution
		HideSolutionNode = FALSE
	EndGlobalSection
EndGlobal
